
Microsoft Visual Studio Solution File, Format Version 12.00
# Visual Studio Version 16
VisualStudioVersion = 16.0.31613.86
MinimumVisualStudioVersion = 10.0.40219.1
Project("{FAE04EC0-301F-11D3-BF4B-00C04F79EFBC}") = "AgenciaBancaria.Dominio", "AgenciaBancaria.Dominio\AgenciaBancaria.Dominio.csproj", "{6A0BC758-1192-4E51-A83A-BA57B6D7C88E}"
EndProject
Project("{FAE04EC0-301F-11D3-BF4B-00C04F79EFBC}") = "AgenciaBancaria.App", "AgenciaBancaria.App\AgenciaBancaria.App.csproj", "{4E30410A-A0B3-434F-87A7-AF13F9825224}"
EndProject
Global
	GlobalSection(SolutionConfigurationPlatforms) = preSolution
		Debug|Any CPU = Debug|Any CPU
		Release|Any CPU = Release|Any CPU
	EndGlobalSection
	GlobalSection(ProjectConfigurationPlatforms) = postSolution
		{6A0BC758-1192-4E51-A83A-BA57B6D7C88E}.Debug|Any CPU.ActiveCfg = Debug|Any CPU
		{6A0BC758-1192-4E51-A83A-BA57B6D7C88E}.Debug|Any CPU.Build.0 = Debug|Any CPU
		{6A0BC758-1192-4E51-A83A-BA57B6D7C88E}.Release|Any CPU.ActiveCfg = Release|Any CPU
		{6A0BC758-1192-4E51-A83A-BA57B6D7C88E}.Release|Any CPU.Build.0 = Release|Any CPU
		{4E30410A-A0B3-434F-87A7-AF13F9825224}.Debug|Any CPU.ActiveCfg = Debug|Any CPU
		{4E30410A-A0B3-434F-87A7-AF13F9825224}.Debug|Any CPU.Build.0 = Debug|Any CPU
		{4E30410A-A0B3-434F-87A7-AF13F9825224}.Release|Any CPU.ActiveCfg = Release|Any CPU
		{4E30410A-A0B3-434F-87A7-AF13F9825224}.Release|Any CPU.Build.0 = Release|Any CPU
	EndGlobalSection
	GlobalSection(SolutionProperties) = preSolution
		HideSolutionNode = FALSE
	EndGlobalSection
	GlobalSection(ExtensibilityGlobals) = postSolution
		SolutionGuid = {C1DE3AD5-57E0-4C4D-AA94-83878C0E2806}
	EndGlobalSection
EndGlobal
